
Microsoft Visual Studio Solution File, Format Version 12.00
# Visual Studio 15
VisualStudioVersion = 15.0.28307.168
MinimumVisualStudioVersion = 10.0.40219.1
Project("{FAE04EC0-301F-11D3-BF4B-00C04F79EFBC}") = "Program", "Program\Program.csproj", "{DCB3208E-63E5-494B-8B01-ED3916C18604}"
EndProject
Project("{FAE04EC0-301F-11D3-BF4B-00C04F79EFBC}") = "Wredny_Wisielec_1.0", "..\..\Wredny_Wisielec_1.0\Wredny_Wisielec_1.0\Wredny_Wisielec_1.0.csproj", "{9769D75F-E82F-4917-BEA2-4260584EB744}"
EndProject
Project("{FAE04EC0-301F-11D3-BF4B-00C04F79EFBC}") = "ConsoleApp1", "ConsoleApp1\ConsoleApp1.csproj", "{066F9EBD-2FF7-4D7E-85CF-5C1087F50BEE}"
EndProject
Global
	GlobalSection(SolutionConfigurationPlatforms) = preSolution
		Debug|Any CPU = Debug|Any CPU
		Release|Any CPU = Release|Any CPU
	EndGlobalSection
	GlobalSection(ProjectConfigurationPlatforms) = postSolution
		{DCB3208E-63E5-494B-8B01-ED3916C18604}.Debug|Any CPU.ActiveCfg = Debug|Any CPU
		{DCB3208E-63E5-494B-8B01-ED3916C18604}.Debug|Any CPU.Build.0 = Debug|Any CPU
		{DCB3208E-63E5-494B-8B01-ED3916C18604}.Release|Any CPU.ActiveCfg = Release|Any CPU
		{DCB3208E-63E5-494B-8B01-ED3916C18604}.Release|Any CPU.Build.0 = Release|Any CPU
		{9769D75F-E82F-4917-BEA2-4260584EB744}.Debug|Any CPU.ActiveCfg = Debug|Any CPU
		{9769D75F-E82F-4917-BEA2-4260584EB744}.Debug|Any CPU.Build.0 = Debug|Any CPU
		{9769D75F-E82F-4917-BEA2-4260584EB744}.Release|Any CPU.ActiveCfg = Release|Any CPU
		{9769D75F-E82F-4917-BEA2-4260584EB744}.Release|Any CPU.Build.0 = Release|Any CPU
		{066F9EBD-2FF7-4D7E-85CF-5C1087F50BEE}.Debug|Any CPU.ActiveCfg = Debug|Any CPU
		{066F9EBD-2FF7-4D7E-85CF-5C1087F50BEE}.Debug|Any CPU.Build.0 = Debug|Any CPU
		{066F9EBD-2FF7-4D7E-85CF-5C1087F50BEE}.Release|Any CPU.ActiveCfg = Release|Any CPU
		{066F9EBD-2FF7-4D7E-85CF-5C1087F50BEE}.Release|Any CPU.Build.0 = Release|Any CPU
	EndGlobalSection
	GlobalSection(SolutionProperties) = preSolution
		HideSolutionNode = FALSE
	EndGlobalSection
	GlobalSection(ExtensibilityGlobals) = postSolution
		SolutionGuid = {5B270F2D-0222-4E3A-9FAE-5FDD8CC6D151}
	EndGlobalSection
EndGlobal
